
Microsoft Visual Studio Solution File, Format Version 12.00
# Visual Studio Version 16
VisualStudioVersion = 16.0.29306.81
MinimumVisualStudioVersion = 10.0.40219.1
Project("{FAE04EC0-301F-11D3-BF4B-00C04F79EFBC}") = "Guia 4", "Guia 4\Guia 4.csproj", "{64916C00-D67C-47CD-8B19-FDCADCA2A192}"
EndProject
Global
	GlobalSection(SolutionConfigurationPlatforms) = preSolution
		Debug|Any CPU = Debug|Any CPU
		Release|Any CPU = Release|Any CPU
	EndGlobalSection
	GlobalSection(ProjectConfigurationPlatforms) = postSolution
		{64916C00-D67C-47CD-8B19-FDCADCA2A192}.Debug|Any CPU.ActiveCfg = Debug|Any CPU
		{64916C00-D67C-47CD-8B19-FDCADCA2A192}.Debug|Any CPU.Build.0 = Debug|Any CPU
		{64916C00-D67C-47CD-8B19-FDCADCA2A192}.Release|Any CPU.ActiveCfg = Release|Any CPU
		{64916C00-D67C-47CD-8B19-FDCADCA2A192}.Release|Any CPU.Build.0 = Release|Any CPU
	EndGlobalSection
	GlobalSection(SolutionProperties) = preSolution
		HideSolutionNode = FALSE
	EndGlobalSection
	GlobalSection(ExtensibilityGlobals) = postSolution
		SolutionGuid = {17F7A3A6-81D1-4093-AC99-79FE791A8A4E}
	EndGlobalSection
EndGlobal
